
Microsoft Visual Studio Solution File, Format Version 12.00
# Visual Studio Version 17
VisualStudioVersion = 17.7.34202.233
MinimumVisualStudioVersion = 10.0.40219.1
Project("{FAE04EC0-301F-11D3-BF4B-00C04F79EFBC}") = "MyMatrix", "MyMatrix\MyMatrix.csproj", "{6618CA0F-9922-4F08-A1A3-4A614048C953}"
EndProject
Global
	GlobalSection(SolutionConfigurationPlatforms) = preSolution
		Debug|Any CPU = Debug|Any CPU
		Release|Any CPU = Release|Any CPU
	EndGlobalSection
	GlobalSection(ProjectConfigurationPlatforms) = postSolution
		{6618CA0F-9922-4F08-A1A3-4A614048C953}.Debug|Any CPU.ActiveCfg = Debug|Any CPU
		{6618CA0F-9922-4F08-A1A3-4A614048C953}.Debug|Any CPU.Build.0 = Debug|Any CPU
		{6618CA0F-9922-4F08-A1A3-4A614048C953}.Release|Any CPU.ActiveCfg = Release|Any CPU
		{6618CA0F-9922-4F08-A1A3-4A614048C953}.Release|Any CPU.Build.0 = Release|Any CPU
	EndGlobalSection
	GlobalSection(SolutionProperties) = preSolution
		HideSolutionNode = FALSE
	EndGlobalSection
	GlobalSection(ExtensibilityGlobals) = postSolution
		SolutionGuid = {D2AF6E0A-E66F-45E5-AE0A-D0567D45FB19}
	EndGlobalSection
EndGlobal
